<?xml version="1.0" encoding="utf-8"?>
<Project ToolsVersion="4.0" xmlns="http://schemas.microsoft.com/developer/msbuild/2003">
  <ItemGroup>
    <Filter Include="Arquivos de Origem">
      <UniqueIdentifier>{4FC737F1-C7A5-4376-A066-2A32D752A2FF}</UniqueIdentifier>
      <Extensions>cpp;c;cc;cxx;c++;cppm;ixx;def;odl;idl;hpj;bat;asm;asmx</Extensions>
    </Filter>
    <Filter Include="Arquivos de Cabeçalho">
      <UniqueIdentifier>{93995380-89BD-4b04-88EB-625FBE52EBFB}</UniqueIdentifier>
      <Extensions>h;hh;hpp;hxx;h++;hm;inl;inc;ipp;xsd</Extensions>
    </Filter>
    <Filter Include="Arquivos de Recurso">
      <UniqueIdentifier>{67DA6AB6-F800-4c08-8B7A-83BB121AAD01}</UniqueIdentifier>
      <Extensions>rc;ico;cur;bmp;dlg;rc2;rct;bin;rgs;gif;jpg;jpeg;jpe;resx;tiff;tif;png;wav;mfcribbon-ms</Extensions>
    </Filter>
    <Filter Include="Arquivos de Recurso\assets">
      <UniqueIdentifier>{afd184cd-e193-4315-a39c-38efed78b84d}</UniqueIdentifier>
    </Filter>
    <Filter Include="Arquivos de Recurso\docs">
      <UniqueIdentifier>{f3ac0c1c-c7ff-4a57-8af3-1927ea26de4c}</UniqueIdentifier>
    </Filter>
    <Filter Include="Arquivos de Recurso\lib">
      <UniqueIdentifier>{c58dfbd9-ff3b-4826-b2ed-c58ecb4ea6d9}</UniqueIdentifier>
    </Filter>
    <Filter Include="Arquivos de Recurso\src">
      <UniqueIdentifier>{052b91a4-45c8-44b1-9653-dc18a6ecf9ad}</UniqueIdentifier>
    </Filter>
    <Filter Include="Arquivos de Recurso\lib\glad">
      <UniqueIdentifier>{4867f7f5-74fc-4325-a597-b1208c07f1cc}</UniqueIdentifier>
    </Filter>
    <Filter Include="Arquivos de Recurso\assets\images">
      <UniqueIdentifier>{05b26409-dc88-493f-be87-db7c7f9a1396}</UniqueIdentifier>
    </Filter>
    <Filter Include="Arquivos de Recurso\assets\fonts">
      <UniqueIdentifier>{b894eca8-3237-4066-8db8-9791d5d55110}</UniqueIdentifier>
    </Filter>
    <Filter Include="Arquivos de Recurso\assets\snd">
      <UniqueIdentifier>{f588765c-d28d-4496-9634-afe4a3c6cf9a}</UniqueIdentifier>
    </Filter>
    <Filter Include="Arquivos de Recurso\maps">
      <UniqueIdentifier>{0db2b9eb-9f52-4179-ac88-f8cfe731e0c6}</UniqueIdentifier>
    </Filter>
    <Filter Include="Arquivos de Recurso\thirdPart">
      <UniqueIdentifier>{4c010ad5-21d7-402b-99db-583691b85d15}</UniqueIdentifier>
    </Filter>
    <Filter Include="Arquivos de Recurso\thirdPart\TinyXML">
      <UniqueIdentifier>{88478f8a-c5ad-49a0-be7c-8f7e2d856b45}</UniqueIdentifier>
    </Filter>
    <Filter Include="Arquivos de Cabeçalho\Core">
      <UniqueIdentifier>{759ea6db-c22c-47f3-93ac-8e272dbe0566}</UniqueIdentifier>
    </Filter>
    <Filter Include="Arquivos de Cabeçalho\Collision">
      <UniqueIdentifier>{08a19bff-c986-49ba-98c7-652a847c9c99}</UniqueIdentifier>
    </Filter>
    <Filter Include="Arquivos de Cabeçalho\Map">
      <UniqueIdentifier>{87947010-75f9-4bac-b99c-aa5f97d3dea2}</UniqueIdentifier>
    </Filter>
    <Filter Include="Arquivos de Cabeçalho\Physics">
      <UniqueIdentifier>{9c75c316-fb75-4e98-b432-83ec925574d4}</UniqueIdentifier>
    </Filter>
    <Filter Include="Arquivos de Cabeçalho\Managers">
      <UniqueIdentifier>{35ee618c-3484-42bf-9a59-0dfb92534c1d}</UniqueIdentifier>
    </Filter>
    <Filter Include="Arquivos de Cabeçalho\Graphics">
      <UniqueIdentifier>{d015de31-912a-4480-811e-473841428db1}</UniqueIdentifier>
    </Filter>
    <Filter Include="Arquivos de Cabeçalho\Camera">
      <UniqueIdentifier>{c61e36b8-ac36-487e-9c4a-b40c92d95df0}</UniqueIdentifier>
    </Filter>
    <Filter Include="Arquivos de Cabeçalho\Entities">
      <UniqueIdentifier>{723814c9-c6d5-4c4e-9938-4521e421dbe1}</UniqueIdentifier>
    </Filter>
    <Filter Include="Arquivos de Recurso\src\Core">
      <UniqueIdentifier>{dee1efce-793e-4fa4-80ee-c5e6c98a5c92}</UniqueIdentifier>
    </Filter>
    <Filter Include="Arquivos de Recurso\src\Collision">
      <UniqueIdentifier>{5ae66ec1-cb2b-4651-8b97-315e783bc13e}</UniqueIdentifier>
    </Filter>
    <Filter Include="Arquivos de Recurso\src\Map">
      <UniqueIdentifier>{a69fd597-6378-4d53-a393-d541f3184e39}</UniqueIdentifier>
    </Filter>
    <Filter Include="Arquivos de Recurso\src\Managers">
      <UniqueIdentifier>{6a2d1371-0931-45a5-80e3-93c8b3031a17}</UniqueIdentifier>
    </Filter>
    <Filter Include="Arquivos de Recurso\src\Graphics">
      <UniqueIdentifier>{39c27d44-29bb-4085-b9b0-588428599e3d}</UniqueIdentifier>
    </Filter>
    <Filter Include="Arquivos de Recurso\src\Camera">
      <UniqueIdentifier>{b5adc44f-8f2c-42f8-bb62-0516170fbb82}</UniqueIdentifier>
    </Filter>
    <Filter Include="Arquivos de Recurso\src\Entities">
      <UniqueIdentifier>{3dc6bf4b-9a1c-4dfd-8fe6-43d63101d5cc}</UniqueIdentifier>
    </Filter>
    <Filter Include="Arquivos de Recurso\src\Physics">
      <UniqueIdentifier>{5e69609b-d4dd-4f33-b3a7-0b5602523cc7}</UniqueIdentifier>
    </Filter>
    <Filter Include="Arquivos de Cabeçalho\GameStates">
      <UniqueIdentifier>{782e467c-81bf-45b6-aec9-e9856ea5830a}</UniqueIdentifier>
    </Filter>
    <Filter Include="Arquivos de Recurso\src\GameStates">
      <UniqueIdentifier>{c1de8049-1f5b-4aa3-a21a-e570c24dfc70}</UniqueIdentifier>
    </Filter>
    <Filter Include="Arquivos de Recurso\assets\images\enemies">
      <UniqueIdentifier>{d4fe6742-a3c6-4369-8444-1ca69848b2cf}</UniqueIdentifier>
    </Filter>
    <Filter Include="Arquivos de Recurso\src\Entities\Enemies">
      <UniqueIdentifier>{9d1ca433-ae5b-40f5-919e-8f5c5571b5ea}</UniqueIdentifier>
    </Filter>
    <Filter Include="Arquivos de Cabeçalho\Entities\Enemies">
      <UniqueIdentifier>{93505a29-d2d0-42da-b679-eb81832cdeaa}</UniqueIdentifier>
    </Filter>
    <Filter Include="Arquivos de Recurso\assets\map">
      <UniqueIdentifier>{8e21d72b-6655-4a84-b351-a5065b16fc42}</UniqueIdentifier>
    </Filter>
    <Filter Include="Arquivos de Recurso\thirdPart\SDL_finders">
      <UniqueIdentifier>{54145382-4f51-4cdb-b075-7cb48ddb2a12}</UniqueIdentifier>
    </Filter>
  </ItemGroup>
  <ItemGroup>
    <ClCompile Include="glad\src\glad.c">
      <Filter>Arquivos de Recurso\lib\glad</Filter>
    </ClCompile>
    <ClCompile Include="thirdpart\TinyXML\tinystr.cpp">
      <Filter>Arquivos de Recurso\thirdPart\TinyXML</Filter>
    </ClCompile>
    <ClCompile Include="thirdpart\TinyXML\tinyxml.cpp">
      <Filter>Arquivos de Recurso\thirdPart\TinyXML</Filter>
    </ClCompile>
    <ClCompile Include="thirdpart\TinyXML\tinyxmlerror.cpp">
      <Filter>Arquivos de Recurso\thirdPart\TinyXML</Filter>
    </ClCompile>
    <ClCompile Include="thirdpart\TinyXML\tinyxmlparser.cpp">
      <Filter>Arquivos de Recurso\thirdPart\TinyXML</Filter>
    </ClCompile>
    <ClCompile Include="src\cpp\Camera\Camera.cpp">
      <Filter>Arquivos de Recurso\src\Camera</Filter>
    </ClCompile>
    <ClCompile Include="src\cpp\Collision\Collider2D.cpp">
      <Filter>Arquivos de Recurso\src\Collision</Filter>
    </ClCompile>
    <ClCompile Include="src\cpp\Collision\Collisor.cpp">
      <Filter>Arquivos de Recurso\src\Collision</Filter>
    </ClCompile>
    <ClCompile Include="src\cpp\Core\Button.cpp">
      <Filter>Arquivos de Recurso\src\Core</Filter>
    </ClCompile>
    <ClCompile Include="src\cpp\Core\Engine.cpp">
      <Filter>Arquivos de Recurso\src\Core</Filter>
    </ClCompile>
    <ClCompile Include="src\cpp\Core\Input.cpp">
      <Filter>Arquivos de Recurso\src\Core</Filter>
    </ClCompile>
    <ClCompile Include="src\cpp\Core\Sound.cpp">
      <Filter>Arquivos de Recurso\src\Core</Filter>
    </ClCompile>
    <ClCompile Include="src\cpp\Entities\Enemies\Zombie.cpp">
      <Filter>Arquivos de Recurso\src\Entities\Enemies</Filter>
    </ClCompile>
    <ClCompile Include="src\cpp\Entities\Player.cpp">
      <Filter>Arquivos de Recurso\src\Entities</Filter>
    </ClCompile>
    <ClCompile Include="src\cpp\GameStates\Menu.cpp">
      <Filter>Arquivos de Recurso\src\GameStates</Filter>
    </ClCompile>
    <ClCompile Include="src\cpp\GameStates\Pause.cpp">
      <Filter>Arquivos de Recurso\src\GameStates</Filter>
    </ClCompile>
    <ClCompile Include="src\cpp\GameStates\Play.cpp">
      <Filter>Arquivos de Recurso\src\GameStates</Filter>
    </ClCompile>
    <ClCompile Include="src\cpp\Graphics\AnimatedSprite.cpp">
      <Filter>Arquivos de Recurso\src\Graphics</Filter>
    </ClCompile>
    <ClCompile Include="src\cpp\Graphics\Font.cpp">
      <Filter>Arquivos de Recurso\src\Graphics</Filter>
    </ClCompile>
    <ClCompile Include="src\cpp\Graphics\TexturedRectangle.cpp">
      <Filter>Arquivos de Recurso\src\Graphics</Filter>
    </ClCompile>
    <ClCompile Include="src\cpp\Managers\EntityManager.cpp">
      <Filter>Arquivos de Recurso\src\Managers</Filter>
    </ClCompile>
    <ClCompile Include="src\cpp\Managers\GameEntity.cpp">
      <Filter>Arquivos de Recurso\src\Managers</Filter>
    </ClCompile>
    <ClCompile Include="src\cpp\Managers\ResourceManager.cpp">
      <Filter>Arquivos de Recurso\src\Managers</Filter>
    </ClCompile>
    <ClCompile Include="src\cpp\Managers\TextureManager.cpp">
      <Filter>Arquivos de Recurso\src\Managers</Filter>
    </ClCompile>
    <ClCompile Include="src\cpp\Managers\Utils.cpp">
      <Filter>Arquivos de Recurso\src\Managers</Filter>
    </ClCompile>
    <ClCompile Include="src\cpp\Map\GameMap.cpp">
      <Filter>Arquivos de Recurso\src\Map</Filter>
    </ClCompile>
    <ClCompile Include="src\cpp\Map\MapParser.cpp">
      <Filter>Arquivos de Recurso\src\Map</Filter>
    </ClCompile>
    <ClCompile Include="src\cpp\Map\TileLayer.cpp">
      <Filter>Arquivos de Recurso\src\Map</Filter>
    </ClCompile>
    <ClCompile Include="src\cpp\Physics\Vec2D.cpp">
      <Filter>Arquivos de Recurso\src\Physics</Filter>
    </ClCompile>
    <ClCompile Include="src\Main.cpp">
      <Filter>Arquivos de Recurso\src</Filter>
    </ClCompile>
  </ItemGroup>
  <ItemGroup>
    <ClInclude Include="thirdpart\TinyXML\tinystr.h">
      <Filter>Arquivos de Recurso\thirdPart\TinyXML</Filter>
    </ClInclude>
    <ClInclude Include="thirdpart\TinyXML\tinyxml.h">
      <Filter>Arquivos de Recurso\thirdPart\TinyXML</Filter>
    </ClInclude>
    <ClInclude Include="src\header\Camera\Camera.h">
      <Filter>Arquivos de Cabeçalho\Camera</Filter>
    </ClInclude>
    <ClInclude Include="src\header\Camera\Point.h">
      <Filter>Arquivos de Cabeçalho\Camera</Filter>
    </ClInclude>
    <ClInclude Include="src\header\Collision\Collider2D.h">
      <Filter>Arquivos de Cabeçalho\Collision</Filter>
    </ClInclude>
    <ClInclude Include="src\header\Collision\Collisor.h">
      <Filter>Arquivos de Cabeçalho\Collision</Filter>
    </ClInclude>
    <ClInclude Include="src\header\Core\Button.h">
      <Filter>Arquivos de Cabeçalho\Core</Filter>
    </ClInclude>
    <ClInclude Include="src\header\Core\Engine.h">
      <Filter>Arquivos de Cabeçalho\Core</Filter>
    </ClInclude>
    <ClInclude Include="src\header\Core\GameState.h">
      <Filter>Arquivos de Cabeçalho\Core</Filter>
    </ClInclude>
    <ClInclude Include="src\header\Core\GlobalResources.h">
      <Filter>Arquivos de Cabeçalho\Core</Filter>
    </ClInclude>
    <ClInclude Include="src\header\Core\Input.h">
      <Filter>Arquivos de Cabeçalho\Core</Filter>
    </ClInclude>
    <ClInclude Include="src\header\Core\Sound.h">
      <Filter>Arquivos de Cabeçalho\Core</Filter>
    </ClInclude>
    <ClInclude Include="src\header\Entities\Player.h">
      <Filter>Arquivos de Cabeçalho\Entities</Filter>
    </ClInclude>
    <ClInclude Include="src\header\Entities\Enemies\Zombie.h">
      <Filter>Arquivos de Cabeçalho\Entities\Enemies</Filter>
    </ClInclude>
    <ClInclude Include="src\header\GameStates\Menu.h">
      <Filter>Arquivos de Cabeçalho\GameStates</Filter>
    </ClInclude>
    <ClInclude Include="src\header\GameStates\Pause.h">
      <Filter>Arquivos de Cabeçalho\GameStates</Filter>
    </ClInclude>
    <ClInclude Include="src\header\GameStates\Play.h">
      <Filter>Arquivos de Cabeçalho\GameStates</Filter>
    </ClInclude>
    <ClInclude Include="src\header\Graphics\AnimatedSprite.h">
      <Filter>Arquivos de Cabeçalho\Graphics</Filter>
    </ClInclude>
    <ClInclude Include="src\header\Graphics\Font.h">
      <Filter>Arquivos de Cabeçalho\Graphics</Filter>
    </ClInclude>
    <ClInclude Include="src\header\Graphics\RenderEntityLayer.h">
      <Filter>Arquivos de Cabeçalho\Graphics</Filter>
    </ClInclude>
    <ClInclude Include="src\header\Graphics\TexturedRectangle.h">
      <Filter>Arquivos de Cabeçalho\Graphics</Filter>
    </ClInclude>
    <ClInclude Include="src\header\Managers\EntityManager.h">
      <Filter>Arquivos de Cabeçalho\Managers</Filter>
    </ClInclude>
    <ClInclude Include="src\header\Managers\GameEntity.h">
      <Filter>Arquivos de Cabeçalho\Managers</Filter>
    </ClInclude>
    <ClInclude Include="src\header\Managers\ResourceManager.h">
      <Filter>Arquivos de Cabeçalho\Managers</Filter>
    </ClInclude>
    <ClInclude Include="src\header\Managers\TextureManager.h">
      <Filter>Arquivos de Cabeçalho\Managers</Filter>
    </ClInclude>
    <ClInclude Include="src\header\Managers\Utils.h">
      <Filter>Arquivos de Cabeçalho\Managers</Filter>
    </ClInclude>
    <ClInclude Include="src\header\Map\GameMap.h">
      <Filter>Arquivos de Cabeçalho\Map</Filter>
    </ClInclude>
    <ClInclude Include="src\header\Map\Layer.h">
      <Filter>Arquivos de Cabeçalho\Map</Filter>
    </ClInclude>
    <ClInclude Include="src\header\Map\MapParser.h">
      <Filter>Arquivos de Cabeçalho\Map</Filter>
    </ClInclude>
    <ClInclude Include="src\header\Map\TileLayer.h">
      <Filter>Arquivos de Cabeçalho\Map</Filter>
    </ClInclude>
    <ClInclude Include="src\header\Physics\Vec2D.h">
      <Filter>Arquivos de Cabeçalho\Physics</Filter>
    </ClInclude>
  </ItemGroup>
  <ItemGroup>
    <Image Include="assets\images\spriteSheetPlayer.png">
      <Filter>Arquivos de Recurso\assets\images</Filter>
    </Image>
    <Image Include="assets\images\buttonPlay.png">
      <Filter>Arquivos de Recurso\assets\images</Filter>
    </Image>
    <Image Include="assets\images\buttonPlayPressed.png">
      <Filter>Arquivos de Recurso\assets\images</Filter>
    </Image>
    <Image Include="assets\images\buttonQuit.png">
      <Filter>Arquivos de Recurso\assets\images</Filter>
    </Image>
    <Image Include="assets\images\buttonQuitPressed.png">
      <Filter>Arquivos de Recurso\assets\images</Filter>
    </Image>
    <Image Include="assets\images\player.png">
      <Filter>Arquivos de Recurso\assets\images</Filter>
    </Image>
    <Image Include="assets\images\enemies\zombie.png">
      <Filter>Arquivos de Recurso\assets\images\enemies</Filter>
    </Image>
    <Image Include="assets\maps\background.png">
      <Filter>Arquivos de Recurso\assets\map</Filter>
    </Image>
    <Image Include="assets\maps\mapDemoTileset.png">
      <Filter>Arquivos de Recurso\assets\map</Filter>
    </Image>
    <Image Include="assets\maps\objectsDemo.png">
      <Filter>Arquivos de Recurso\assets\map</Filter>
    </Image>
  </ItemGroup>
  <ItemGroup>
    <Font Include="assets\fonts\VCR_OSD_MONO.ttf">
      <Filter>Arquivos de Recurso\assets\fonts</Filter>
    </Font>
  </ItemGroup>
  <ItemGroup>
    <Media Include="assets\snd\GameOver.wav">
      <Filter>Arquivos de Recurso\assets\snd</Filter>
    </Media>
    <Media Include="assets\snd\TetrisSoundTrack.wav">
      <Filter>Arquivos de Recurso\assets\snd</Filter>
    </Media>
  </ItemGroup>
  <ItemGroup>
    <None Include="assets\maps\mapDemo.tmx">
      <Filter>Arquivos de Recurso\assets\map</Filter>
    </None>
    <None Include="assets\maps\objectsLevel1.lkobj">
      <Filter>Arquivos de Recurso\assets\map</Filter>
    </None>
    <None Include="thirdpart\SDL_finders\FindSDL2TTF.cmake">
      <Filter>Arquivos de Recurso\thirdPart\SDL_finders</Filter>
    </None>
    <None Include="thirdpart\SDL_finders\FindSDL2.cmake">
      <Filter>Arquivos de Recurso\thirdPart\SDL_finders</Filter>
    </None>
    <None Include="thirdpart\SDL_finders\FindSDL2_image.cmake">
      <Filter>Arquivos de Recurso\thirdPart\SDL_finders</Filter>
    </None>
  </ItemGroup>
  <ItemGroup>
    <Text Include="CMakeLists.txt">
      <Filter>Arquivos de Recurso</Filter>
    </Text>
  </ItemGroup>
</Project>